
Microsoft Visual Studio Solution File, Format Version 12.00
# Visual Studio Version 16
VisualStudioVersion = 16.0.29920.165
MinimumVisualStudioVersion = 10.0.40219.1
Project("{2150E333-8FDC-42A3-9474-1A3956D46DE8}") = "src", "src", "{8FA62F4A-88FA-44B3-8AB9-8D30933AD75E}"
EndProject
Project("{2150E333-8FDC-42A3-9474-1A3956D46DE8}") = "tests", "tests", "{0FEC082E-5503-46CB-AD45-276EBF8F3869}"
EndProject
Project("{9A19103F-16F7-4668-BE54-9A1E7A4F7556}") = "Alat.Caching", "src\Alat.Caching\Alat.Caching.csproj", "{4A1916B4-8CA0-4116-9B13-72C7031BB022}"
EndProject
Project("{9A19103F-16F7-4668-BE54-9A1E7A4F7556}") = "Alat.Http", "src\Alat.Http\Alat.Http.csproj", "{5341B324-5E14-4493-BB76-6803A5B9944B}"
EndProject
Project("{9A19103F-16F7-4668-BE54-9A1E7A4F7556}") = "Alat.Logging", "src\Alat.Logging\Alat.Logging.csproj", "{B7D3D2FF-B777-4D66-B661-DABAA8480622}"
EndProject
Project("{9A19103F-16F7-4668-BE54-9A1E7A4F7556}") = "Alat.Validation", "src\Alat.Validation\Alat.Validation.csproj", "{DB708A11-6656-4890-AD9C-74B4BFB02090}"
EndProject
Project("{9A19103F-16F7-4668-BE54-9A1E7A4F7556}") = "Alat.Xamarin.Forms.Validation", "src\Alat.Xamarin.Forms.Validation\Alat.Xamarin.Forms.Validation.csproj", "{3F6C337B-5D6C-4461-B418-BAF5E721AD75}"
EndProject
Project("{9A19103F-16F7-4668-BE54-9A1E7A4F7556}") = "Alat.Caching.Tests", "tests\Alat.Caching.Tests\Alat.Caching.Tests.csproj", "{1C7F6554-D304-4EF0-B6EC-263E370B52AF}"
EndProject
Project("{9A19103F-16F7-4668-BE54-9A1E7A4F7556}") = "Alat.Logging.Tests", "tests\Alat.Logging.Tests\Alat.Logging.Tests.csproj", "{5A32455B-5FAA-4DA4-AFBA-A3EFBF857369}"
EndProject
Project("{9A19103F-16F7-4668-BE54-9A1E7A4F7556}") = "Alat.Caching.Sqlite", "src\Alat.Caching.Sqlite\Alat.Caching.Sqlite.csproj", "{397C9DCE-8174-4F80-9004-5A5130991DF8}"
EndProject
Project("{9A19103F-16F7-4668-BE54-9A1E7A4F7556}") = "Alat", "src\Alat\Alat.csproj", "{BBD03269-54A0-4505-8C16-E99C0FDEA34C}"
EndProject
Project("{9A19103F-16F7-4668-BE54-9A1E7A4F7556}") = "Alat.Http.Tests", "tests\Alat.Http.Tests\Alat.Http.Tests.csproj", "{E4FC7232-D13C-431F-9063-DA8F3BCB813C}"
EndProject
Project("{9A19103F-16F7-4668-BE54-9A1E7A4F7556}") = "Alat.Testing", "tests\Alat.Testing\Alat.Testing.csproj", "{311B5026-241A-4967-97DD-F7D99FE55C0F}"
EndProject
Project("{9A19103F-16F7-4668-BE54-9A1E7A4F7556}") = "Alat.Abstractions", "src\Alat.Abstractions\Alat.Abstractions.csproj", "{86E367D2-7F8B-49A3-9698-5B8FC4965BF1}"
EndProject
Project("{9A19103F-16F7-4668-BE54-9A1E7A4F7556}") = "Alat.CommandBus", "src\Alat.CommandBus\Alat.CommandBus.csproj", "{57E303E0-05DD-4A76-AF28-102583EECE0F}"
EndProject
Project("{9A19103F-16F7-4668-BE54-9A1E7A4F7556}") = "Alat.CommandBus.Abstractions", "src\Alat.CommandBus.Abstractions\Alat.CommandBus.Abstractions.csproj", "{A62EE1AF-B506-4307-9D6A-E9BFF3FF094C}"
EndProject
Project("{9A19103F-16F7-4668-BE54-9A1E7A4F7556}") = "Alat.Infrastructure", "src\Alat.Infrastructure\Alat.Infrastructure.csproj", "{50C09CBF-DD66-4476-AA81-F263E8A3D65C}"
EndProject
Project("{9A19103F-16F7-4668-BE54-9A1E7A4F7556}") = "Alat.Utils", "src\Alat.Utils\Alat.Utils.csproj", "{3C8A5165-F0E5-48E8-B08D-4FC57B03206B}"
EndProject
Project("{FAE04EC0-301F-11D3-BF4B-00C04F79EFBC}") = "Alat.Utils.Tests", "tests\Alat.Utils.Tests\Alat.Utils.Tests.csproj", "{A517DD72-BA17-4580-9167-A1C4BFD6EFA1}"
EndProject
Global
	GlobalSection(SolutionConfigurationPlatforms) = preSolution
		Debug|Any CPU = Debug|Any CPU
		Release|Any CPU = Release|Any CPU
	EndGlobalSection
	GlobalSection(ProjectConfigurationPlatforms) = postSolution
		{4A1916B4-8CA0-4116-9B13-72C7031BB022}.Debug|Any CPU.ActiveCfg = Debug|Any CPU
		{4A1916B4-8CA0-4116-9B13-72C7031BB022}.Debug|Any CPU.Build.0 = Debug|Any CPU
		{4A1916B4-8CA0-4116-9B13-72C7031BB022}.Release|Any CPU.ActiveCfg = Release|Any CPU
		{4A1916B4-8CA0-4116-9B13-72C7031BB022}.Release|Any CPU.Build.0 = Release|Any CPU
		{5341B324-5E14-4493-BB76-6803A5B9944B}.Debug|Any CPU.ActiveCfg = Debug|Any CPU
		{5341B324-5E14-4493-BB76-6803A5B9944B}.Debug|Any CPU.Build.0 = Debug|Any CPU
		{5341B324-5E14-4493-BB76-6803A5B9944B}.Release|Any CPU.ActiveCfg = Release|Any CPU
		{5341B324-5E14-4493-BB76-6803A5B9944B}.Release|Any CPU.Build.0 = Release|Any CPU
		{B7D3D2FF-B777-4D66-B661-DABAA8480622}.Debug|Any CPU.ActiveCfg = Debug|Any CPU
		{B7D3D2FF-B777-4D66-B661-DABAA8480622}.Debug|Any CPU.Build.0 = Debug|Any CPU
		{B7D3D2FF-B777-4D66-B661-DABAA8480622}.Release|Any CPU.ActiveCfg = Release|Any CPU
		{B7D3D2FF-B777-4D66-B661-DABAA8480622}.Release|Any CPU.Build.0 = Release|Any CPU
		{DB708A11-6656-4890-AD9C-74B4BFB02090}.Debug|Any CPU.ActiveCfg = Debug|Any CPU
		{DB708A11-6656-4890-AD9C-74B4BFB02090}.Debug|Any CPU.Build.0 = Debug|Any CPU
		{DB708A11-6656-4890-AD9C-74B4BFB02090}.Release|Any CPU.ActiveCfg = Release|Any CPU
		{DB708A11-6656-4890-AD9C-74B4BFB02090}.Release|Any CPU.Build.0 = Release|Any CPU
		{3F6C337B-5D6C-4461-B418-BAF5E721AD75}.Debug|Any CPU.ActiveCfg = Debug|Any CPU
		{3F6C337B-5D6C-4461-B418-BAF5E721AD75}.Debug|Any CPU.Build.0 = Debug|Any CPU
		{3F6C337B-5D6C-4461-B418-BAF5E721AD75}.Release|Any CPU.ActiveCfg = Release|Any CPU
		{3F6C337B-5D6C-4461-B418-BAF5E721AD75}.Release|Any CPU.Build.0 = Release|Any CPU
		{1C7F6554-D304-4EF0-B6EC-263E370B52AF}.Debug|Any CPU.ActiveCfg = Debug|Any CPU
		{1C7F6554-D304-4EF0-B6EC-263E370B52AF}.Debug|Any CPU.Build.0 = Debug|Any CPU
		{1C7F6554-D304-4EF0-B6EC-263E370B52AF}.Release|Any CPU.ActiveCfg = Release|Any CPU
		{1C7F6554-D304-4EF0-B6EC-263E370B52AF}.Release|Any CPU.Build.0 = Release|Any CPU
		{5A32455B-5FAA-4DA4-AFBA-A3EFBF857369}.Debug|Any CPU.ActiveCfg = Debug|Any CPU
		{5A32455B-5FAA-4DA4-AFBA-A3EFBF857369}.Debug|Any CPU.Build.0 = Debug|Any CPU
		{5A32455B-5FAA-4DA4-AFBA-A3EFBF857369}.Release|Any CPU.ActiveCfg = Release|Any CPU
		{5A32455B-5FAA-4DA4-AFBA-A3EFBF857369}.Release|Any CPU.Build.0 = Release|Any CPU
		{397C9DCE-8174-4F80-9004-5A5130991DF8}.Debug|Any CPU.ActiveCfg = Debug|Any CPU
		{397C9DCE-8174-4F80-9004-5A5130991DF8}.Debug|Any CPU.Build.0 = Debug|Any CPU
		{397C9DCE-8174-4F80-9004-5A5130991DF8}.Release|Any CPU.ActiveCfg = Release|Any CPU
		{397C9DCE-8174-4F80-9004-5A5130991DF8}.Release|Any CPU.Build.0 = Release|Any CPU
		{BBD03269-54A0-4505-8C16-E99C0FDEA34C}.Debug|Any CPU.ActiveCfg = Debug|Any CPU
		{BBD03269-54A0-4505-8C16-E99C0FDEA34C}.Debug|Any CPU.Build.0 = Debug|Any CPU
		{BBD03269-54A0-4505-8C16-E99C0FDEA34C}.Release|Any CPU.ActiveCfg = Release|Any CPU
		{BBD03269-54A0-4505-8C16-E99C0FDEA34C}.Release|Any CPU.Build.0 = Release|Any CPU
		{E4FC7232-D13C-431F-9063-DA8F3BCB813C}.Debug|Any CPU.ActiveCfg = Debug|Any CPU
		{E4FC7232-D13C-431F-9063-DA8F3BCB813C}.Debug|Any CPU.Build.0 = Debug|Any CPU
		{E4FC7232-D13C-431F-9063-DA8F3BCB813C}.Release|Any CPU.ActiveCfg = Release|Any CPU
		{E4FC7232-D13C-431F-9063-DA8F3BCB813C}.Release|Any CPU.Build.0 = Release|Any CPU
		{311B5026-241A-4967-97DD-F7D99FE55C0F}.Debug|Any CPU.ActiveCfg = Debug|Any CPU
		{311B5026-241A-4967-97DD-F7D99FE55C0F}.Debug|Any CPU.Build.0 = Debug|Any CPU
		{311B5026-241A-4967-97DD-F7D99FE55C0F}.Release|Any CPU.ActiveCfg = Release|Any CPU
		{311B5026-241A-4967-97DD-F7D99FE55C0F}.Release|Any CPU.Build.0 = Release|Any CPU
		{86E367D2-7F8B-49A3-9698-5B8FC4965BF1}.Debug|Any CPU.ActiveCfg = Debug|Any CPU
		{86E367D2-7F8B-49A3-9698-5B8FC4965BF1}.Debug|Any CPU.Build.0 = Debug|Any CPU
		{86E367D2-7F8B-49A3-9698-5B8FC4965BF1}.Release|Any CPU.ActiveCfg = Release|Any CPU
		{86E367D2-7F8B-49A3-9698-5B8FC4965BF1}.Release|Any CPU.Build.0 = Release|Any CPU
		{57E303E0-05DD-4A76-AF28-102583EECE0F}.Debug|Any CPU.ActiveCfg = Debug|Any CPU
		{57E303E0-05DD-4A76-AF28-102583EECE0F}.Debug|Any CPU.Build.0 = Debug|Any CPU
		{57E303E0-05DD-4A76-AF28-102583EECE0F}.Release|Any CPU.ActiveCfg = Release|Any CPU
		{57E303E0-05DD-4A76-AF28-102583EECE0F}.Release|Any CPU.Build.0 = Release|Any CPU
		{A62EE1AF-B506-4307-9D6A-E9BFF3FF094C}.Debug|Any CPU.ActiveCfg = Debug|Any CPU
		{A62EE1AF-B506-4307-9D6A-E9BFF3FF094C}.Debug|Any CPU.Build.0 = Debug|Any CPU
		{A62EE1AF-B506-4307-9D6A-E9BFF3FF094C}.Release|Any CPU.ActiveCfg = Release|Any CPU
		{A62EE1AF-B506-4307-9D6A-E9BFF3FF094C}.Release|Any CPU.Build.0 = Release|Any CPU
		{50C09CBF-DD66-4476-AA81-F263E8A3D65C}.Debug|Any CPU.ActiveCfg = Debug|Any CPU
		{50C09CBF-DD66-4476-AA81-F263E8A3D65C}.Debug|Any CPU.Build.0 = Debug|Any CPU
		{50C09CBF-DD66-4476-AA81-F263E8A3D65C}.Release|Any CPU.ActiveCfg = Release|Any CPU
		{50C09CBF-DD66-4476-AA81-F263E8A3D65C}.Release|Any CPU.Build.0 = Release|Any CPU
		{3C8A5165-F0E5-48E8-B08D-4FC57B03206B}.Debug|Any CPU.ActiveCfg = Debug|Any CPU
		{3C8A5165-F0E5-48E8-B08D-4FC57B03206B}.Debug|Any CPU.Build.0 = Debug|Any CPU
		{3C8A5165-F0E5-48E8-B08D-4FC57B03206B}.Release|Any CPU.ActiveCfg = Release|Any CPU
		{3C8A5165-F0E5-48E8-B08D-4FC57B03206B}.Release|Any CPU.Build.0 = Release|Any CPU
		{A517DD72-BA17-4580-9167-A1C4BFD6EFA1}.Debug|Any CPU.ActiveCfg = Debug|Any CPU
		{A517DD72-BA17-4580-9167-A1C4BFD6EFA1}.Debug|Any CPU.Build.0 = Debug|Any CPU
		{A517DD72-BA17-4580-9167-A1C4BFD6EFA1}.Release|Any CPU.ActiveCfg = Release|Any CPU
		{A517DD72-BA17-4580-9167-A1C4BFD6EFA1}.Release|Any CPU.Build.0 = Release|Any CPU
	EndGlobalSection
	GlobalSection(SolutionProperties) = preSolution
		HideSolutionNode = FALSE
	EndGlobalSection
	GlobalSection(NestedProjects) = preSolution
		{4A1916B4-8CA0-4116-9B13-72C7031BB022} = {8FA62F4A-88FA-44B3-8AB9-8D30933AD75E}
		{5341B324-5E14-4493-BB76-6803A5B9944B} = {8FA62F4A-88FA-44B3-8AB9-8D30933AD75E}
		{B7D3D2FF-B777-4D66-B661-DABAA8480622} = {8FA62F4A-88FA-44B3-8AB9-8D30933AD75E}
		{DB708A11-6656-4890-AD9C-74B4BFB02090} = {8FA62F4A-88FA-44B3-8AB9-8D30933AD75E}
		{3F6C337B-5D6C-4461-B418-BAF5E721AD75} = {8FA62F4A-88FA-44B3-8AB9-8D30933AD75E}
		{1C7F6554-D304-4EF0-B6EC-263E370B52AF} = {0FEC082E-5503-46CB-AD45-276EBF8F3869}
		{5A32455B-5FAA-4DA4-AFBA-A3EFBF857369} = {0FEC082E-5503-46CB-AD45-276EBF8F3869}
		{397C9DCE-8174-4F80-9004-5A5130991DF8} = {8FA62F4A-88FA-44B3-8AB9-8D30933AD75E}
		{BBD03269-54A0-4505-8C16-E99C0FDEA34C} = {8FA62F4A-88FA-44B3-8AB9-8D30933AD75E}
		{E4FC7232-D13C-431F-9063-DA8F3BCB813C} = {0FEC082E-5503-46CB-AD45-276EBF8F3869}
		{311B5026-241A-4967-97DD-F7D99FE55C0F} = {0FEC082E-5503-46CB-AD45-276EBF8F3869}
		{86E367D2-7F8B-49A3-9698-5B8FC4965BF1} = {8FA62F4A-88FA-44B3-8AB9-8D30933AD75E}
		{57E303E0-05DD-4A76-AF28-102583EECE0F} = {8FA62F4A-88FA-44B3-8AB9-8D30933AD75E}
		{A62EE1AF-B506-4307-9D6A-E9BFF3FF094C} = {8FA62F4A-88FA-44B3-8AB9-8D30933AD75E}
		{50C09CBF-DD66-4476-AA81-F263E8A3D65C} = {8FA62F4A-88FA-44B3-8AB9-8D30933AD75E}
		{3C8A5165-F0E5-48E8-B08D-4FC57B03206B} = {8FA62F4A-88FA-44B3-8AB9-8D30933AD75E}
		{A517DD72-BA17-4580-9167-A1C4BFD6EFA1} = {0FEC082E-5503-46CB-AD45-276EBF8F3869}
	EndGlobalSection
	GlobalSection(ExtensibilityGlobals) = postSolution
		SolutionGuid = {555F0E7E-DBDE-48AD-8A7D-411D121D9E85}
	EndGlobalSection
EndGlobal
